
Microsoft Visual Studio Solution File, Format Version 12.00
# Visual Studio Version 17
VisualStudioVersion = 17.1.32228.430
MinimumVisualStudioVersion = 10.0.40219.1
Project("{9A19103F-16F7-4668-BE54-9A1E7A4F7556}") = "Modelo", "Modelo\Modelo.csproj", "{8EE79DA5-2D2E-4751-89F6-83C0C6E409A4}"
EndProject
Project("{9A19103F-16F7-4668-BE54-9A1E7A4F7556}") = "pjVentaHeredada", "pjVentaHeredada\pjVentaHeredada.csproj", "{593E1CB6-77B2-4C56-AE77-9419EE2C8B78}"
EndProject
Global
	GlobalSection(SolutionConfigurationPlatforms) = preSolution
		Debug|Any CPU = Debug|Any CPU
		Release|Any CPU = Release|Any CPU
	EndGlobalSection
	GlobalSection(ProjectConfigurationPlatforms) = postSolution
		{8EE79DA5-2D2E-4751-89F6-83C0C6E409A4}.Debug|Any CPU.ActiveCfg = Debug|Any CPU
		{8EE79DA5-2D2E-4751-89F6-83C0C6E409A4}.Debug|Any CPU.Build.0 = Debug|Any CPU
		{8EE79DA5-2D2E-4751-89F6-83C0C6E409A4}.Release|Any CPU.ActiveCfg = Release|Any CPU
		{8EE79DA5-2D2E-4751-89F6-83C0C6E409A4}.Release|Any CPU.Build.0 = Release|Any CPU
		{593E1CB6-77B2-4C56-AE77-9419EE2C8B78}.Debug|Any CPU.ActiveCfg = Debug|Any CPU
		{593E1CB6-77B2-4C56-AE77-9419EE2C8B78}.Debug|Any CPU.Build.0 = Debug|Any CPU
		{593E1CB6-77B2-4C56-AE77-9419EE2C8B78}.Release|Any CPU.ActiveCfg = Release|Any CPU
		{593E1CB6-77B2-4C56-AE77-9419EE2C8B78}.Release|Any CPU.Build.0 = Release|Any CPU
	EndGlobalSection
	GlobalSection(SolutionProperties) = preSolution
		HideSolutionNode = FALSE
	EndGlobalSection
	GlobalSection(ExtensibilityGlobals) = postSolution
		SolutionGuid = {541F1D4E-9C56-45E5-8D4B-C82F8FC364C9}
	EndGlobalSection
EndGlobal
